// !$*UTF8*$!
{
	archiveVersion = 1;
	classes = {
	};
	objectVersion = 46;
	objects = {

/* Begin PBXBuildFile section */
		E2D3E79818033B4600454022 /* Foundation.framework in Frameworks */ = {isa = PBXBuildFile; fileRef = E2D3E79718033B4600454022 /* Foundation.framework */; };
		E2D3E79A18033B4600454022 /* CoreGraphics.framework in Frameworks */ = {isa = PBXBuildFile; fileRef = E2D3E79918033B4600454022 /* CoreGraphics.framework */; };
		E2D3E79C18033B4600454022 /* UIKit.framework in Frameworks */ = {isa = PBXBuildFile; fileRef = E2D3E79B18033B4600454022 /* UIKit.framework */; };
		E2D3E7A218033B4600454022 /* InfoPlist.strings in Resources */ = {isa = PBXBuildFile; fileRef = E2D3E7A018033B4600454022 /* InfoPlist.strings */; };
		E2D3E7A418033B4600454022 /* main.m in Sources */ = {isa = PBXBuildFile; fileRef = E2D3E7A318033B4600454022 /* main.m */; };
		E2D3E7A818033B4600454022 /* MEXAppDelegate.m in Sources */ = {isa = PBXBuildFile; fileRef = E2D3E7A718033B4600454022 /* MEXAppDelegate.m */; };
		E2D3E7AB18033B4600454022 /* Main.storyboard in Resources */ = {isa = PBXBuildFile; fileRef = E2D3E7A918033B4600454022 /* Main.storyboard */; };
		E2D3E7AE18033B4600454022 /* MEXViewController.m in Sources */ = {isa = PBXBuildFile; fileRef = E2D3E7AD18033B4600454022 /* MEXViewController.m */; };
		E2D3E7B018033B4600454022 /* Images.xcassets in Resources */ = {isa = PBXBuildFile; fileRef = E2D3E7AF18033B4600454022 /* Images.xcassets */; };
		E2D3E7B718033B4600454022 /* XCTest.framework in Frameworks */ = {isa = PBXBuildFile; fileRef = E2D3E7B618033B4600454022 /* XCTest.framework */; };
		E2D3E7B818033B4600454022 /* Foundation.framework in Frameworks */ = {isa = PBXBuildFile; fileRef = E2D3E79718033B4600454022 /* Foundation.framework */; };
		E2D3E7B918033B4600454022 /* UIKit.framework in Frameworks */ = {isa = PBXBuildFile; fileRef = E2D3E79B18033B4600454022 /* UIKit.framework */; };
		E2D3E7C118033B4600454022 /* InfoPlist.strings in Resources */ = {isa = PBXBuildFile; fileRef = E2D3E7BF18033B4600454022 /* InfoPlist.strings */; };
		E2D3E7C318033B4600454022 /* BabygramTests.m in Sources */ = {isa = PBXBuildFile; fileRef = E2D3E7C218033B4600454022 /* BabygramTests.m */; };
		E2D3E7CD18033E3100454022 /* franklin.jpg in Resources */ = {isa = PBXBuildFile; fileRef = E2D3E7CC18033E3100454022 /* franklin.jpg */; };
		E2D3E7CF18033EBF00454022 /* magician.jpg in Resources */ = {isa = PBXBuildFile; fileRef = E2D3E7CE18033EBF00454022 /* magician.jpg */; };
/* End PBXBuildFile section */

/* Begin PBXContainerItemProxy section */
		E2D3E7BA18033B4600454022 /* PBXContainerItemProxy */ = {
			isa = PBXContainerItemProxy;
			containerPortal = E2D3E78C18033B4600454022 /* Project object */;
			proxyType = 1;
			remoteGlobalIDString = E2D3E79318033B4600454022;
			remoteInfo = Babygram;
		};
/* End PBXContainerItemProxy section */

/* Begin PBXFileReference section */
		E2D3E79418033B4600454022 /* Babygram.app */ = {isa = PBXFileReference; explicitFileType = wrapper.application; includeInIndex = 0; path = Babygram.app; sourceTree = BUILT_PRODUCTS_DIR; };
		E2D3E79718033B4600454022 /* Foundation.framework */ = {isa = PBXFileReference; lastKnownFileType = wrapper.framework; name = Foundation.framework; path = System/Library/Frameworks/Foundation.framework; sourceTree = SDKROOT; };
		E2D3E79918033B4600454022 /* CoreGraphics.framework */ = {isa = PBXFileReference; lastKnownFileType = wrapper.framework; name = CoreGraphics.framework; path = System/Library/Frameworks/CoreGraphics.framework; sourceTree = SDKROOT; };
		E2D3E79B18033B4600454022 /* UIKit.framework */ = {isa = PBXFileReference; lastKnownFileType = wrapper.framework; name = UIKit.framework; path = System/Library/Frameworks/UIKit.framework; sourceTree = SDKROOT; };
		E2D3E79F18033B4600454022 /* Babygram-Info.plist */ = {isa = PBXFileReference; lastKnownFileType = text.plist.xml; path = "Babygram-Info.plist"; sourceTree = "<group>"; };
		E2D3E7A118033B4600454022 /* en */ = {isa = PBXFileReference; lastKnownFileType = text.plist.strings; name = en; path = en.lproj/InfoPlist.strings; sourceTree = "<group>"; };
		E2D3E7A318033B4600454022 /* main.m */ = {isa = PBXFileReference; lastKnownFileType = sourcecode.c.objc; path = main.m; sourceTree = "<group>"; };
		E2D3E7A518033B4600454022 /* Babygram-Prefix.pch */ = {isa = PBXFileReference; lastKnownFileType = sourcecode.c.h; path = "Babygram-Prefix.pch"; sourceTree = "<group>"; };
		E2D3E7A618033B4600454022 /* MEXAppDelegate.h */ = {isa = PBXFileReference; lastKnownFileType = sourcecode.c.h; path = MEXAppDelegate.h; sourceTree = "<group>"; };
		E2D3E7A718033B4600454022 /* MEXAppDelegate.m */ = {isa = PBXFileReference; lastKnownFileType = sourcecode.c.objc; path = MEXAppDelegate.m; sourceTree = "<group>"; };
		E2D3E7AA18033B4600454022 /* Base */ = {isa = PBXFileReference; lastKnownFileType = file.storyboard; name = Base; path = Base.lproj/Main.storyboard; sourceTree = "<group>"; };
		E2D3E7AC18033B4600454022 /* MEXViewController.h */ = {isa = PBXFileReference; lastKnownFileType = sourcecode.c.h; path = MEXViewController.h; sourceTree = "<group>"; };
		E2D3E7AD18033B4600454022 /* MEXViewController.m */ = {isa = PBXFileReference; lastKnownFileType = sourcecode.c.objc; path = MEXViewController.m; sourceTree = "<group>"; };
		E2D3E7AF18033B4600454022 /* Images.xcassets */ = {isa = PBXFileReference; lastKnownFileType = folder.assetcatalog; path = Images.xcassets; sourceTree = "<group>"; };
		E2D3E7B518033B4600454022 /* BabygramTests.xctest */ = {isa = PBXFileReference; explicitFileType = wrapper.cfbundle; includeInIndex = 0; path = BabygramTests.xctest; sourceTree = BUILT_PRODUCTS_DIR; };
		E2D3E7B618033B4600454022 /* XCTest.framework */ = {isa = PBXFileReference; lastKnownFileType = wrapper.framework; name = XCTest.framework; path = Library/Frameworks/XCTest.framework; sourceTree = DEVELOPER_DIR; };
		E2D3E7BE18033B4600454022 /* BabygramTests-Info.plist */ = {isa = PBXFileReference; lastKnownFileType = text.plist.xml; path = "BabygramTests-Info.plist"; sourceTree = "<group>"; };
		E2D3E7C018033B4600454022 /* en */ = {isa = PBXFileReference; lastKnownFileType = text.plist.strings; name = en; path = en.lproj/InfoPlist.strings; sourceTree = "<group>"; };
		E2D3E7C218033B4600454022 /* BabygramTests.m */ = {isa = PBXFileReference; lastKnownFileType = sourcecode.c.objc; path = BabygramTests.m; sourceTree = "<group>"; };
		E2D3E7CC18033E3100454022 /* franklin.jpg */ = {isa = PBXFileReference; lastKnownFileType = image.jpeg; path = franklin.jpg; sourceTree = "<group>"; };
		E2D3E7CE18033EBF00454022 /* magician.jpg */ = {isa = PBXFileReference; lastKnownFileType = image.jpeg; path = magician.jpg; sourceTree = "<group>"; };
/* End PBXFileReference section */

/* Begin PBXFrameworksBuildPhase section */
		E2D3E79118033B4600454022 /* Frameworks */ = {
			isa = PBXFrameworksBuildPhase;
			buildActionMask = 2147483647;
			files = (
				E2D3E79A18033B4600454022 /* CoreGraphics.framework in Frameworks */,
				E2D3E79C18033B4600454022 /* UIKit.framework in Frameworks */,
				E2D3E79818033B4600454022 /* Foundation.framework in Frameworks */,
			);
			runOnlyForDeploymentPostprocessing = 0;
		};
		E2D3E7B218033B4600454022 /* Frameworks */ = {
			isa = PBXFrameworksBuildPhase;
			buildActionMask = 2147483647;
			files = (
				E2D3E7B718033B4600454022 /* XCTest.framework in Frameworks */,
				E2D3E7B918033B4600454022 /* UIKit.framework in Frameworks */,
				E2D3E7B818033B4600454022 /* Foundation.framework in Frameworks */,
			);
			runOnlyForDeploymentPostprocessing = 0;
		};
/* End PBXFrameworksBuildPhase section */

/* Begin PBXGroup section */
		E2D3E78B18033B4600454022 = {
			isa = PBXGroup;
			children = (
				E2D3E79D18033B4600454022 /* Babygram */,
				E2D3E7BC18033B4600454022 /* BabygramTests */,
				E2D3E79618033B4600454022 /* Frameworks */,
				E2D3E79518033B4600454022 /* Products */,
			);
			sourceTree = "<group>";
		};
		E2D3E79518033B4600454022 /* Products */ = {
			isa = PBXGroup;
			children = (
				E2D3E79418033B4600454022 /* Babygram.app */,
				E2D3E7B518033B4600454022 /* BabygramTests.xctest */,
			);
			name = Products;
			sourceTree = "<group>";
		};
		E2D3E79618033B4600454022 /* Frameworks */ = {
			isa = PBXGroup;
			children = (
				E2D3E79718033B4600454022 /* Foundation.framework */,
				E2D3E79918033B4600454022 /* CoreGraphics.framework */,
				E2D3E79B18033B4600454022 /* UIKit.framework */,
				E2D3E7B618033B4600454022 /* XCTest.framework */,
			);
			name = Frameworks;
			sourceTree = "<group>";
		};
		E2D3E79D18033B4600454022 /* Babygram */ = {
			isa = PBXGroup;
			children = (
				E2D3E7CE18033EBF00454022 /* magician.jpg */,
				E2D3E7CC18033E3100454022 /* franklin.jpg */,
				E2D3E7A618033B4600454022 /* MEXAppDelegate.h */,
				E2D3E7A718033B4600454022 /* MEXAppDelegate.m */,
				E2D3E7A918033B4600454022 /* Main.storyboard */,
				E2D3E7AC18033B4600454022 /* MEXViewController.h */,
				E2D3E7AD18033B4600454022 /* MEXViewController.m */,
				E2D3E7AF18033B4600454022 /* Images.xcassets */,
				E2D3E79E18033B4600454022 /* Supporting Files */,
			);
			path = Babygram;
			sourceTree = "<group>";
		};
		E2D3E79E18033B4600454022 /* Supporting Files */ = {
			isa = PBXGroup;
			children = (
				E2D3E79F18033B4600454022 /* Babygram-Info.plist */,
				E2D3E7A018033B4600454022 /* InfoPlist.strings */,
				E2D3E7A318033B4600454022 /* main.m */,
				E2D3E7A518033B4600454022 /* Babygram-Prefix.pch */,
			);
			name = "Supporting Files";
			sourceTree = "<group>";
		};
		E2D3E7BC18033B4600454022 /* BabygramTests */ = {
			isa = PBXGroup;
			children = (
				E2D3E7C218033B4600454022 /* BabygramTests.m */,
				E2D3E7BD18033B4600454022 /* Supporting Files */,
			);
			path = BabygramTests;
			sourceTree = "<group>";
		};
		E2D3E7BD18033B4600454022 /* Supporting Files */ = {
			isa = PBXGroup;
			children = (
				E2D3E7BE18033B4600454022 /* BabygramTests-Info.plist */,
				E2D3E7BF18033B4600454022 /* InfoPlist.strings */,
			);
			name = "Supporting Files";
			sourceTree = "<group>";
		};
/* End PBXGroup section */

/* Begin PBXNativeTarget section */
		E2D3E79318033B4600454022 /* Babygram */ = {
			isa = PBXNativeTarget;
			buildConfigurationList = E2D3E7C618033B4600454022 /* Build configuration list for PBXNativeTarget "Babygram" */;
			buildPhases = (
				E2D3E79018033B4600454022 /* Sources */,
				E2D3E79118033B4600454022 /* Frameworks */,
				E2D3E79218033B4600454022 /* Resources */,
			);
			buildRules = (
			);
			dependencies = (
			);
			name = Babygram;
			productName = Babygram;
			productReference = E2D3E79418033B4600454022 /* Babygram.app */;
			productType = "com.apple.product-type.application";
		};
		E2D3E7B418033B4600454022 /* BabygramTests */ = {
			isa = PBXNativeTarget;
			buildConfigurationList = E2D3E7C918033B4600454022 /* Build configuration list for PBXNativeTarget "BabygramTests" */;
			buildPhases = (
				E2D3E7B118033B4600454022 /* Sources */,
				E2D3E7B218033B4600454022 /* Frameworks */,
				E2D3E7B318033B4600454022 /* Resources */,
			);
			buildRules = (
			);
			dependencies = (
				E2D3E7BB18033B4600454022 /* PBXTargetDependency */,
			);
			name = BabygramTests;
			productName = BabygramTests;
			productReference = E2D3E7B518033B4600454022 /* BabygramTests.xctest */;
			productType = "com.apple.product-type.bundle.unit-test";
		};
/* End PBXNativeTarget section */

/* Begin PBXProject section */
		E2D3E78C18033B4600454022 /* Project object */ = {
			isa = PBXProject;
			attributes = {
				CLASSPREFIX = MEX;
				LastUpgradeCheck = 0500;
				ORGANIZATIONNAME = Guacafy;
				TargetAttributes = {
					E2D3E7B418033B4600454022 = {
						TestTargetID = E2D3E79318033B4600454022;
					};
				};
			};
			buildConfigurationList = E2D3E78F18033B4600454022 /* Build configuration list for PBXProject "Babygram" */;
			compatibilityVersion = "Xcode 3.2";
			developmentRegion = English;
			hasScannedForEncodings = 0;
			knownRegions = (
				en,
				Base,
			);
			mainGroup = E2D3E78B18033B4600454022;
			productRefGroup = E2D3E79518033B4600454022 /* Products */;
			projectDirPath = "";
			projectRoot = "";
			targets = (
				E2D3E79318033B4600454022 /* Babygram */,
				E2D3E7B418033B4600454022 /* BabygramTests */,
			);
		};
/* End PBXProject section */

/* Begin PBXResourcesBuildPhase section */
		E2D3E79218033B4600454022 /* Resources */ = {
			isa = PBXResourcesBuildPhase;
			buildActionMask = 2147483647;
			files = (
				E2D3E7B018033B4600454022 /* Images.xcassets in Resources */,
				E2D3E7CF18033EBF00454022 /* magician.jpg in Resources */,
				E2D3E7A218033B4600454022 /* InfoPlist.strings in Resources */,
				E2D3E7CD18033E3100454022 /* franklin.jpg in Resources */,
				E2D3E7AB18033B4600454022 /* Main.storyboard in Resources */,
			);
			runOnlyForDeploymentPostprocessing = 0;
		};
		E2D3E7B318033B4600454022 /* Resources */ = {
			isa = PBXResourcesBuildPhase;
			buildActionMask = 2147483647;
			files = (
				E2D3E7C118033B4600454022 /* InfoPlist.strings in Resources */,
			);
			runOnlyForDeploymentPostprocessing = 0;
		};
/* End PBXResourcesBuildPhase section */

/* Begin PBXSourcesBuildPhase section */
		E2D3E79018033B4600454022 /* Sources */ = {
			isa = PBXSourcesBuildPhase;
			buildActionMask = 2147483647;
			files = (
				E2D3E7A418033B4600454022 /* main.m in Sources */,
				E2D3E7AE18033B4600454022 /* MEXViewController.m in Sources */,
				E2D3E7A818033B4600454022 /* MEXAppDelegate.m in Sources */,
			);
			runOnlyForDeploymentPostprocessing = 0;
		};
		E2D3E7B118033B4600454022 /* Sources */ = {
			isa = PBXSourcesBuildPhase;
			buildActionMask = 2147483647;
			files = (
				E2D3E7C318033B4600454022 /* BabygramTests.m in Sources */,
			);
			runOnlyForDeploymentPostprocessing = 0;
		};
/* End PBXSourcesBuildPhase section */

/* Begin PBXTargetDependency section */
		E2D3E7BB18033B4600454022 /* PBXTargetDependency */ = {
			isa = PBXTargetDependency;
			target = E2D3E79318033B4600454022 /* Babygram */;
			targetProxy = E2D3E7BA18033B4600454022 /* PBXContainerItemProxy */;
		};
/* End PBXTargetDependency section */

/* Begin PBXVariantGroup section */
		E2D3E7A018033B4600454022 /* InfoPlist.strings */ = {
			isa = PBXVariantGroup;
			children = (
				E2D3E7A118033B4600454022 /* en */,
			);
			name = InfoPlist.strings;
			sourceTree = "<group>";
		};
		E2D3E7A918033B4600454022 /* Main.storyboard */ = {
			isa = PBXVariantGroup;
			children = (
				E2D3E7AA18033B4600454022 /* Base */,
			);
			name = Main.storyboard;
			sourceTree = "<group>";
		};
		E2D3E7BF18033B4600454022 /* InfoPlist.strings */ = {
			isa = PBXVariantGroup;
			children = (
				E2D3E7C018033B4600454022 /* en */,
			);
			name = InfoPlist.strings;
			sourceTree = "<group>";
		};
/* End PBXVariantGroup section */

/* Begin XCBuildConfiguration section */
		E2D3E7C418033B4600454022 /* Debug */ = {
			isa = XCBuildConfiguration;
			buildSettings = {
				ALWAYS_SEARCH_USER_PATHS = NO;
				ARCHS = "$(ARCHS_STANDARD_INCLUDING_64_BIT)";
				CLANG_CXX_LANGUAGE_STANDARD = "gnu++0x";
				CLANG_CXX_LIBRARY = "libc++";
				CLANG_ENABLE_MODULES = YES;
				CLANG_ENABLE_OBJC_ARC = YES;
				CLANG_WARN_BOOL_CONVERSION = YES;
				CLANG_WARN_CONSTANT_CONVERSION = YES;
				CLANG_WARN_DIRECT_OBJC_ISA_USAGE = YES_ERROR;
				CLANG_WARN_EMPTY_BODY = YES;
				CLANG_WARN_ENUM_CONVERSION = YES;
				CLANG_WARN_INT_CONVERSION = YES;
				CLANG_WARN_OBJC_ROOT_CLASS = YES_ERROR;
				CLANG_WARN__DUPLICATE_METHOD_MATCH = YES;
				"CODE_SIGN_IDENTITY[sdk=iphoneos*]" = "iPhone Developer";
				COPY_PHASE_STRIP = NO;
				GCC_C_LANGUAGE_STANDARD = gnu99;
				GCC_DYNAMIC_NO_PIC = NO;
				GCC_OPTIMIZATION_LEVEL = 0;
				GCC_PREPROCESSOR_DEFINITIONS = (
					"DEBUG=1",
					"$(inherited)",
				);
				GCC_SYMBOLS_PRIVATE_EXTERN = NO;
				GCC_WARN_64_TO_32_BIT_CONVERSION = YES;
				GCC_WARN_ABOUT_RETURN_TYPE = YES_ERROR;
				GCC_WARN_UNDECLARED_SELECTOR = YES;
				GCC_WARN_UNINITIALIZED_AUTOS = YES;
				GCC_WARN_UNUSED_FUNCTION = YES;
				GCC_WARN_UNUSED_VARIABLE = YES;
				IPHONEOS_DEPLOYMENT_TARGET = 7.0;
				ONLY_ACTIVE_ARCH = YES;
				SDKROOT = iphoneos;
			};
			name = Debug;
		};
		E2D3E7C518033B4600454022 /* Release */ = {
			isa = XCBuildConfiguration;
			buildSettings = {
				ALWAYS_SEARCH_USER_PATHS = NO;
				ARCHS = "$(ARCHS_STANDARD_INCLUDING_64_BIT)";
				CLANG_CXX_LANGUAGE_STANDARD = "gnu++0x";
				CLANG_CXX_LIBRARY = "libc++";
				CLANG_ENABLE_MODULES = YES;
				CLANG_ENABLE_OBJC_ARC = YES;
				CLANG_WARN_BOOL_CONVERSION = YES;
				CLANG_WARN_CONSTANT_CONVERSION = YES;
				CLANG_WARN_DIRECT_OBJC_ISA_USAGE = YES_ERROR;
				CLANG_WARN_EMPTY_BODY = YES;
				CLANG_WARN_ENUM_CONVERSION = YES;
				CLANG_WARN_INT_CONVERSION = YES;
				CLANG_WARN_OBJC_ROOT_CLASS = YES_ERROR;
				CLANG_WARN__DUPLICATE_METHOD_MATCH = YES;
				"CODE_SIGN_IDENTITY[sdk=iphoneos*]" = "iPhone Developer";
				COPY_PHASE_STRIP = YES;
				ENABLE_NS_ASSERTIONS = NO;
				GCC_C_LANGUAGE_STANDARD = gnu99;
				GCC_WARN_64_TO_32_BIT_CONVERSION = YES;
				GCC_WARN_ABOUT_RETURN_TYPE = YES_ERROR;
				GCC_WARN_UNDECLARED_SELECTOR = YES;
				GCC_WARN_UNINITIALIZED_AUTOS = YES;
				GCC_WARN_UNUSED_FUNCTION = YES;
				GCC_WARN_UNUSED_VARIABLE = YES;
				IPHONEOS_DEPLOYMENT_TARGET = 7.0;
				SDKROOT = iphoneos;
				VALIDATE_PRODUCT = YES;
			};
			name = Release;
		};
		E2D3E7C718033B4600454022 /* Debug */ = {
			isa = XCBuildConfiguration;
			buildSettings = {
				ASSETCATALOG_COMPILER_APPICON_NAME = AppIcon;
				ASSETCATALOG_COMPILER_LAUNCHIMAGE_NAME = LaunchImage;
				GCC_PRECOMPILE_PREFIX_HEADER = YES;
				GCC_PREFIX_HEADER = "Babygram/Babygram-Prefix.pch";
				INFOPLIST_FILE = "Babygram/Babygram-Info.plist";
				PRODUCT_NAME = "$(TARGET_NAME)";
				WRAPPER_EXTENSION = app;
			};
			name = Debug;
		};
		E2D3E7C818033B4600454022 /* Release */ = {
			isa = XCBuildConfiguration;
			buildSettings = {
				ASSETCATALOG_COMPILER_APPICON_NAME = AppIcon;
				ASSETCATALOG_COMPILER_LAUNCHIMAGE_NAME = LaunchImage;
				GCC_PRECOMPILE_PREFIX_HEADER = YES;
				GCC_PREFIX_HEADER = "Babygram/Babygram-Prefix.pch";
				INFOPLIST_FILE = "Babygram/Babygram-Info.plist";
				PRODUCT_NAME = "$(TARGET_NAME)";
				WRAPPER_EXTENSION = app;
			};
			name = Release;
		};
		E2D3E7CA18033B4600454022 /* Debug */ = {
			isa = XCBuildConfiguration;
			buildSettings = {
				ARCHS = "$(ARCHS_STANDARD_INCLUDING_64_BIT)";
				BUNDLE_LOADER = "$(BUILT_PRODUCTS_DIR)/Babygram.app/Babygram";
				FRAMEWORK_SEARCH_PATHS = (
					"$(SDKROOT)/Developer/Library/Frameworks",
					"$(inherited)",
					"$(DEVELOPER_FRAMEWORKS_DIR)",
				);
				GCC_PRECOMPILE_PREFIX_HEADER = YES;
				GCC_PREFIX_HEADER = "Babygram/Babygram-Prefix.pch";
				GCC_PREPROCESSOR_DEFINITIONS = (
					"DEBUG=1",
					"$(inherited)",
				);
				INFOPLIST_FILE = "BabygramTests/BabygramTests-Info.plist";
				PRODUCT_NAME = "$(TARGET_NAME)";
				TEST_HOST = "$(BUNDLE_LOADER)";
				WRAPPER_EXTENSION = xctest;
			};
			name = Debug;
		};
		E2D3E7CB18033B4600454022 /* Release */ = {
			isa = XCBuildConfiguration;
			buildSettings = {
				ARCHS = "$(ARCHS_STANDARD_INCLUDING_64_BIT)";
				BUNDLE_LOADER = "$(BUILT_PRODUCTS_DIR)/Babygram.app/Babygram";
				FRAMEWORK_SEARCH_PATHS = (
					"$(SDKROOT)/Developer/Library/Frameworks",
					"$(inherited)",
					"$(DEVELOPER_FRAMEWORKS_DIR)",
				);
				GCC_PRECOMPILE_PREFIX_HEADER = YES;
				GCC_PREFIX_HEADER = "Babygram/Babygram-Prefix.pch";
				INFOPLIST_FILE = "BabygramTests/BabygramTests-Info.plist";
				PRODUCT_NAME = "$(TARGET_NAME)";
				TEST_HOST = "$(BUNDLE_LOADER)";
				WRAPPER_EXTENSION = xctest;
			};
			name = Release;
		};
/* End XCBuildConfiguration section */

/* Begin XCConfigurationList section */
		E2D3E78F18033B4600454022 /* Build configuration list for PBXProject "Babygram" */ = {
			isa = XCConfigurationList;
			buildConfigurations = (
				E2D3E7C418033B4600454022 /* Debug */,
				E2D3E7C518033B4600454022 /* Release */,
			);
			defaultConfigurationIsVisible = 0;
			defaultConfigurationName = Release;
		};
		E2D3E7C618033B4600454022 /* Build configuration list for PBXNativeTarget "Babygram" */ = {
			isa = XCConfigurationList;
			buildConfigurations = (
				E2D3E7C718033B4600454022 /* Debug */,
				E2D3E7C818033B4600454022 /* Release */,
			);
			defaultConfigurationIsVisible = 0;
		};
		E2D3E7C918033B4600454022 /* Build configuration list for PBXNativeTarget "BabygramTests" */ = {
			isa = XCConfigurationList;
			buildConfigurations = (
				E2D3E7CA18033B4600454022 /* Debug */,
				E2D3E7CB18033B4600454022 /* Release */,
			);
			defaultConfigurationIsVisible = 0;
		};
/* End XCConfigurationList section */
	};
	rootObject = E2D3E78C18033B4600454022 /* Project object */;
}
